
Microsoft Visual Studio Solution File, Format Version 12.00
# Visual Studio 15
VisualStudioVersion = 15.0.26228.9
MinimumVisualStudioVersion = 10.0.40219.1
Project("{2150E333-8FDC-42A3-9474-1A3956D46DE8}") = "src", "src", "{2A457A15-6F26-4ECC-AF7B-978F55D6C9E4}"
EndProject
Project("{2150E333-8FDC-42A3-9474-1A3956D46DE8}") = "Solution Items", "Solution Items", "{7FB59B7D-83BA-40B5-8D34-791CEDE1E00F}"
	ProjectSection(SolutionItems) = preProject
		azuredeploy.json = azuredeploy.json
		azuredeploy.param.json = azuredeploy.param.json
		CODE_OF_CONDUCT.md = CODE_OF_CONDUCT.md
		CONTRIBUTING.md = CONTRIBUTING.md
		LICENSE = LICENSE
		README.md = README.md
	EndProjectSection
EndProject
Project("{FAE04EC0-301F-11D3-BF4B-00C04F79EFBC}") = "Explorer", "src\Explorer\Explorer.csproj", "{36430809-1810-4045-8761-4582CDAF708F}"
EndProject
Project("{2150E333-8FDC-42A3-9474-1A3956D46DE8}") = "docs", "docs", "{AF9B24D9-433D-458B-B254-2946017B4CEA}"
	ProjectSection(SolutionItems) = preProject
		docs\Deployment.md = docs\Deployment.md
		docs\Preconsent.md = docs\Preconsent.md
		docs\Terminolgy.md = docs\Terminolgy.md
	EndProjectSection
EndProject
Project("{2150E333-8FDC-42A3-9474-1A3956D46DE8}") = "scripts", "scripts", "{A574A852-591E-4594-96BB-808122581462}"
	ProjectSection(SolutionItems) = preProject
		scripts\Create-AzureADApplication.ps1 = scripts\Create-AzureADApplication.ps1
	EndProjectSection
EndProject
Global
	GlobalSection(SolutionConfigurationPlatforms) = preSolution
		Debug|Any CPU = Debug|Any CPU
		Release|Any CPU = Release|Any CPU
	EndGlobalSection
	GlobalSection(ProjectConfigurationPlatforms) = postSolution
		{36430809-1810-4045-8761-4582CDAF708F}.Debug|Any CPU.ActiveCfg = Debug|Any CPU
		{36430809-1810-4045-8761-4582CDAF708F}.Debug|Any CPU.Build.0 = Debug|Any CPU
		{36430809-1810-4045-8761-4582CDAF708F}.Release|Any CPU.ActiveCfg = Release|Any CPU
		{36430809-1810-4045-8761-4582CDAF708F}.Release|Any CPU.Build.0 = Release|Any CPU
	EndGlobalSection
	GlobalSection(SolutionProperties) = preSolution
		HideSolutionNode = FALSE
	EndGlobalSection
	GlobalSection(NestedProjects) = preSolution
		{36430809-1810-4045-8761-4582CDAF708F} = {2A457A15-6F26-4ECC-AF7B-978F55D6C9E4}
	EndGlobalSection
	GlobalSection(ExtensibilityGlobals) = postSolution
		SolutionGuid = {16777B2C-4490-4D63-87D7-BD65EA41116C}
	EndGlobalSection
EndGlobal
